
Microsoft Visual Studio Solution File, Format Version 12.00
# Visual Studio 15
VisualStudioVersion = 15.0.27421.1
MinimumVisualStudioVersion = 10.0.40219.1
Project("{FAE04EC0-301F-11D3-BF4B-00C04F79EFBC}") = "BuildsOfSkyrim", "BuildsOfSkyrim\BuildsOfSkyrim.csproj", "{D428A184-C595-4B41-80CC-59C1632504B5}"
EndProject
Project("{FAE04EC0-301F-11D3-BF4B-00C04F79EFBC}") = "BuildsOfSkyrim.Tests", "BuildsOfSkyrim.Tests\BuildsOfSkyrim.Tests.csproj", "{43382A98-A774-425F-A92B-2D48FB4407B9}"
EndProject
Global
	GlobalSection(SolutionConfigurationPlatforms) = preSolution
		Debug|Any CPU = Debug|Any CPU
		Release|Any CPU = Release|Any CPU
	EndGlobalSection
	GlobalSection(ProjectConfigurationPlatforms) = postSolution
		{D428A184-C595-4B41-80CC-59C1632504B5}.Debug|Any CPU.ActiveCfg = Debug|Any CPU
		{D428A184-C595-4B41-80CC-59C1632504B5}.Debug|Any CPU.Build.0 = Debug|Any CPU
		{D428A184-C595-4B41-80CC-59C1632504B5}.Release|Any CPU.ActiveCfg = Release|Any CPU
		{D428A184-C595-4B41-80CC-59C1632504B5}.Release|Any CPU.Build.0 = Release|Any CPU
		{43382A98-A774-425F-A92B-2D48FB4407B9}.Debug|Any CPU.ActiveCfg = Debug|Any CPU
		{43382A98-A774-425F-A92B-2D48FB4407B9}.Debug|Any CPU.Build.0 = Debug|Any CPU
		{43382A98-A774-425F-A92B-2D48FB4407B9}.Release|Any CPU.ActiveCfg = Release|Any CPU
		{43382A98-A774-425F-A92B-2D48FB4407B9}.Release|Any CPU.Build.0 = Release|Any CPU
	EndGlobalSection
	GlobalSection(SolutionProperties) = preSolution
		HideSolutionNode = FALSE
	EndGlobalSection
	GlobalSection(ExtensibilityGlobals) = postSolution
		SolutionGuid = {978DDA4D-72E2-4887-9CF5-F97DA3556D4D}
	EndGlobalSection
EndGlobal
